filippo.io/edwards25519 v1.1.0 h1:FNf4tywRC1HmFuKW5xopWpigGjJKiJSV0Cqo0cJWDaA=
filippo.io/edwards25519 v1.1.0/go.mod h1:BxyFTGdWcka3PhytdK4V28tE5sGfRvvvRV7EaN4VDT4=
git.rpjosh.de/RPJosh/go-ddl-parser v0.2.4 h1:NhiPNraBDGBtXJKoycwSBLA/cvN3Figkd21Mx9es0K8=
git.rpjosh.de/RPJosh/go-ddl-parser v0.2.4/go.mod h1:ol+i6gZiAr2L5c32KAqaDdHrbXJ5oe7a8bBdGOYOxlE=
git.rpjosh.de/RPJosh/go-logger v1.3.4 h1:G43Te4geHzwkTThi3VTGuZS2F1Rmv2wwfWNo/UZ/bb8=
git.rpjosh.de/RPJosh/go-logger v1.3.4/go.mod h1:iD3KaRyOIkYMj7E+xFMn5uDVCzW1lSJQopz1Fl1+BSM=
github.com/a-h/templ v0.3.906 h1:ZUThc8Q9n04UATaCwaG60pB1AqbulLmYEAMnWV63svg=
github.com/a-h/templ v0.3.906/go.mod h1:FFAu4dI//ESmEN7PQkJ7E7QfnSEMdcnu7QrAY8Dn334=
github.com/davecgh/go-spew v1.1.0/go.mod h1:J7Y8YcW2NihsgmVo/mv3lAwl/skON4iLHjSsI+c5H38=
github.com/davecgh/go-spew v1.1.1 h1:vj9j/u1bqnvCEfJOwUhtlOARqs3+rkHYY13jYWTU97c=
github.com/davecgh/go-spew v1.1.1/go.mod h1:J7Y8YcW2NihsgmVo/mv3lAwl/skON4iLHjSsI+c5H38=
github.com/go-sql-driver/mysql v1.8.1 h1:LedoTUt/eveggdHS9qUFC1EFSa8bU2+1pZjSRpvNJ1Y=
github.com/go-sql-driver/mysql v1.8.1/go.mod h1:wEBSXgmK//2ZFJyE+qWnIsVGmvmEKlqwuVSjsCm7DZg=
github.com/golang-jwt/jwt/v5 v5.2.3 h1:kkGXqQOBSDDWRhWNXTFpqGSCMyh/PLnqUvMGJPDJDs0=
github.com/golang-jwt/jwt/v5 v5.2.3/go.mod h1:pqrtFR0X4osieyHYxtmOUWsAWrfe1Q5UVIyoH402zdk=
github.com/google/go-cmp v0.6.0 h1:ofyhxvXcZhMsU5ulbFiLKl/XBFqE1GSq7atu8tAmTRI=
github.com/google/go-cmp v0.6.0/go.mod h1:17dUlkBOakJ0+DkrSSNjCkIjxS6bF9zb3elmeNGIjoY=
github.com/guregu/null/v5 v5.0.0 h1:PRxjqyOekS11W+w/7Vfz6jgJE/BCwELWtgvOJzddimw=
github.com/guregu/null/v5 v5.0.0/go.mod h1:SjupzNy+sCPtwQTKWhUCqjhVCO69hpsl2QsZrWHjlwU=
github.com/justinas/nosurf v1.1.1 h1:92Aw44hjSK4MxJeMSyDa7jwuI9GR2J/JCQiaKvXXSlk=
github.com/justinas/nosurf v1.1.1/go.mod h1:ALpWdSbuNGy2lZWtyXdjkYv4edL23oSEgfBT1gPJ5BQ=
github.com/lesismal/llib v1.2.2 h1:ZoVgP9J58Ju3Yue5jtj8ybWl+BKqoVmdRaN1mNwG5Gc=
github.com/lesismal/llib v1.2.2/go.mod h1:70tFXXe7P1FZ02AU9l8LgSOK7d7sRrpnkUr3rd3gKSg=
github.com/lesismal/nbio v1.6.6 h1:la91g1LQrOSTPkSN+KeaRuIbWc6fJp8LBVtDoPIJN5k=
github.com/lesismal/nbio v1.6.6/go.mod h1:mBn1rSIZ+cmOILhvP+/1Mb/JimgA+1LQudlHJUb/aNA=
github.com/pmezard/go-difflib v1.0.0 h1:4DBwDE0NGyQoBHbLQYPwSUPoCMWR5BEzIk/f1lZbAQM=
github.com/pmezard/go-difflib v1.0.0/go.mod h1:iKH77koFhYxTK1pcRnkKkqfTogsbg7gZNVY4sRDYZ/4=
github.com/sijms/go-ora/v2 v2.8.11 h1:oQtSX145kCYSjnrmWdtqp2LON9wOQW09wPJ5pIEn5Tg=
github.com/sijms/go-ora/v2 v2.8.11/go.mod h1:EHxlY6x7y9HAsdfumurRfTd+v8NrEOTR3Xl4FWlH6xk=
github.com/stretchr/objx v0.1.0/go.mod h1:HFkY916IF+rwdDfMAkV7OtwuqBVzrE8GR6GFx+wExME=
github.com/stretchr/testify v1.7.0/go.mod h1:6Fq8oRcR53rry900zMqJjRRixrwX3KX962/h/Wwjteg=
github.com/stretchr/testify v1.10.0 h1:Xv5erBjTwe/5IxqUQTdXv5kgmIvbHo3QQyRwhJsOfJA=
github.com/stretchr/testify v1.10.0/go.mod h1:r2ic/lqez/lEtzL7wO/rwa5dbSLXVDPFyf8C91i36aY=
github.com/tdewolff/minify/v2 v2.20.19 h1:tX0SR0LUrIqGoLjXnkIzRSIbKJ7PaNnSENLD4CyH6Xo=
github.com/tdewolff/minify/v2 v2.20.19/go.mod h1:ulkFoeAVWMLEyjuDz1ZIWOA31g5aWOawCFRp9R/MudM=
github.com/tdewolff/parse/v2 v2.7.12 h1:tgavkHc2ZDEQVKy1oWxwIyh5bP4F5fEh/JmBwPP/3LQ=
github.com/tdewolff/parse/v2 v2.7.12/go.mod h1:3FbJWZp3XT9OWVN3Hmfp0p/a08v4h8J9W1aghka0soA=
github.com/tdewolff/test v1.0.11-0.20231101010635-f1265d231d52/go.mod h1:6DAvZliBAAnD7rhVgwaM7DE5/d9NMOAJ09SqYqeK4QE=
github.com/tdewolff/test v1.0.11-0.20240106005702-7de5f7df4739 h1:IkjBCtQOOjIn03u/dMQK9g+Iw9ewps4mCl1nB8Sscbo=
github.com/tdewolff/test v1.0.11-0.20240106005702-7de5f7df4739/go.mod h1:XPuWBzvdUzhCuxWO1ojpXsyzsA5bFoS3tO/Q3kFuTG8=
github.com/tkrajina/gpxgo v1.4.0 h1:cSD5uSwy3VZuNFieTEZLyRnuIwhonQEkGPkPGW4XNag=
github.com/tkrajina/gpxgo v1.4.0/go.mod h1:BXSMfUAvKiEhMEXAFM2NvNsbjsSvp394mOvdcNjettg=
golang.org/x/crypto v0.0.0-20210513122933-cd7d49e622d5/go.mod h1:P+XmwS30IXTQdn5tA2iutPOUgjI07+tq3H3K9MVA1s8=
golang.org/x/crypto v0.37.0 h1:kJNSjF/Xp7kU0iB2Z+9viTPMW4EqqsrywMXLJOOsXSE=
golang.org/x/crypto v0.37.0/go.mod h1:vg+k43peMZ0pUMhYmVAWysMK35e6ioLh3wB8ZCAfbVc=
golang.org/x/net v0.0.0-20210226172049-e18ecbb05110/go.mod h1:m0MpNAwzfU5UDzcl9v0D8zg8gWTRqZa9RBIspLL5mdg=
golang.org/x/net v0.0.0-20210510120150-4163338589ed/go.mod h1:9nx3DQGgdP8bBQD5qxJ1jj9UTztislL4KSBs9R2vV5Y=
golang.org/x/net v0.0.0-20210614182718-04defd469f4e/go.mod h1:9nx3DQGgdP8bBQD5qxJ1jj9UTztislL4KSBs9R2vV5Y=
golang.org/x/net v0.39.0 h1:ZCu7HMWDxpXpaiKdhzIfaltL9Lp31x/3fCP11bc6/fY=
golang.org/x/net v0.39.0/go.mod h1:X7NRbYVEA+ewNkCNyJ513WmMdQ3BineSwVtN2zD/d+E=
golang.org/x/sys v0.0.0-20201119102817-f84b799fce68/go.mod h1:h1NjWce9XRLGQEsW7wpKNCjG9DtNlClVuFLEZdDNbEs=
golang.org/x/sys v0.0.0-20210423082822-04245dca01da/go.mod h1:h1NjWce9XRLGQEsW7wpKNCjG9DtNlClVuFLEZdDNbEs=
golang.org/x/sys v0.32.0 h1:s77OFDvIQeibCmezSnk/q6iAfkdiQaJi4VzroCFrN20=
golang.org/x/sys v0.32.0/go.mod h1:BJP2sWEmIv4KK5OTEluFJCKSidICx8ciO85XgH3Ak8k=
golang.org/x/term v0.0.0-20201126162022-7de9c90e9dd1/go.mod h1:bj7SfCRtBDWHUb9snDiAeCFNEtKQo2Wmx5Cou7ajbmo=
golang.org/x/text v0.3.3/go.mod h1:5Zoc/QRtKVWzQhOtBMvqHzDpF6irO9z98xDceosuGiQ=
golang.org/x/text v0.3.6/go.mod h1:5Zoc/QRtKVWzQhOtBMvqHzDpF6irO9z98xDceosuGiQ=
golang.org/x/text v0.24.0 h1:dd5Bzh4yt5KYA8f9CJHCP4FB4D51c2c6JvN37xJJkJ0=
golang.org/x/text v0.24.0/go.mod h1:L8rBsPeo2pSS+xqN0d5u2ikmjtmoJbDBT1b7nHvFCdU=
golang.org/x/tools v0.0.0-20180917221912-90fa682c2a6e/go.mod h1:n7NCudcB/nEzxVGmLbDWY5pfWTLqBcC2KZ6jyYvM4mQ=
gopkg.in/check.v1 v0.0.0-20161208181325-20d25e280405 h1:yhCVgyC4o1eVCa2tZl7eS0r+SDo693bJlVdllGtEeKM=
gopkg.in/check.v1 v0.0.0-20161208181325-20d25e280405/go.mod h1:Co6ibVJAznAaIkqp8huTwlJQCZ016jof/cbN4VW5Yz0=
gopkg.in/yaml.v3 v3.0.0-20200313102051-9f266ea9e77c/go.mod h1:K4uyk7z7BCEPqu6E+C64Yfv1cQ7kz7rIZviUmN+EgEM=
gopkg.in/yaml.v3 v3.0.1 h1:fxVm/GzAzEWqLHuvctI91KS9hhNmmWOoWu0XTYJS7CA=
gopkg.in/yaml.v3 v3.0.1/go.mod h1:K4uyk7z7BCEPqu6E+C64Yfv1cQ7kz7rIZviUmN+EgEM=
